
Microsoft Visual Studio Solution File, Format Version 12.00
# Visual Studio Version 17
VisualStudioVersion = 17.14.36705.20
MinimumVisualStudioVersion = 10.0.40219.1
Project("{FAE04EC0-301F-11D3-BF4B-00C04F79EFBC}") = "ContrackAPI", "ContrackAPI\ContrackAPI.csproj", "{69100249-90BF-47D6-9D4A-6CF4B803CAC1}"
EndProject
Global
	GlobalSection(SolutionConfigurationPlatforms) = preSolution
		Debug|Any CPU = Debug|Any CPU
		Release|Any CPU = Release|Any CPU
	EndGlobalSection
	GlobalSection(ProjectConfigurationPlatforms) = postSolution
		{69100249-90BF-47D6-9D4A-6CF4B803CAC1}.Debug|Any CPU.ActiveCfg = Debug|Any CPU
		{69100249-90BF-47D6-9D4A-6CF4B803CAC1}.Debug|Any CPU.Build.0 = Debug|Any CPU
		{69100249-90BF-47D6-9D4A-6CF4B803CAC1}.Release|Any CPU.ActiveCfg = Release|Any CPU
		{69100249-90BF-47D6-9D4A-6CF4B803CAC1}.Release|Any CPU.Build.0 = Release|Any CPU
	EndGlobalSection
	GlobalSection(SolutionProperties) = preSolution
		HideSolutionNode = FALSE
	EndGlobalSection
	GlobalSection(ExtensibilityGlobals) = postSolution
		SolutionGuid = {1320EF53-C017-49D3-9D12-2B05C35AB6F6}
		VisualSVNWorkingCopyRoot = .
	EndGlobalSection
EndGlobal
